<?xml version="1.0" encoding="utf-8"?>
<Project ToolsVersion="12.0" xmlns="http://schemas.microsoft.com/developer/msbuild/2003">
  <ItemGroup>
    <CLCompile Include="$(MSBuildThisFileDirectory)App.xaml.cpp" />
    <ClInclude Include="$(MSBuildThisFileDirectory)App.xaml.h" />
    <CLCompile Include="$(MSBuildThisFileDirectory)pch.cpp" />
    <ClInclude Include="$(MSBuildThisFileDirectory)pch.h" />
    <ClCompile Include="$(MSBuildThisFileDirectory)..\..\Classes\AppDelegate.cpp">
      <Filter>Classes</Filter>
    </ClCompile>
    <ClCompile Include="$(MSBuildThisFileDirectory)Cocos2dRenderer.cpp" />
    <ClCompile Include="$(MSBuildThisFileDirectory)OpenGLES.cpp" />
    <ClCompile Include="$(MSBuildThisFileDirectory)OpenGLESPage.xaml.cpp" />
    <ClCompile Include="$(MSBuildThisFileDirectory)..\..\Classes\BaseTest.cpp">
      <Filter>Classes</Filter>
    </ClCompile>
    <ClCompile Include="$(MSBuildThisFileDirectory)..\..\Classes\controller.cpp">
      <Filter>Classes</Filter>
    </ClCompile>
    <ClCompile Include="$(MSBuildThisFileDirectory)..\..\Classes\testBasic.cpp">
      <Filter>Classes</Filter>
    </ClCompile>
    <ClCompile Include="$(MSBuildThisFileDirectory)..\..\Classes\VisibleRect.cpp">
      <Filter>Classes</Filter>
    </ClCompile>
    <ClCompile Include="$(MSBuildThisFileDirectory)..\..\Classes\MaskTimelineTest\MaskTimelineTest.cpp">
      <Filter>Classes\MaskTimelineTest</Filter>
    </ClCompile>
    <ClCompile Include="$(MSBuildThisFileDirectory)..\..\Classes\FramePlaybackTest\FramePlaybackTest.cpp">
      <Filter>Classes\FramePlaybackTest</Filter>
    </ClCompile>
    <ClCompile Include="$(MSBuildThisFileDirectory)..\..\Classes\FiltersTest\FiltersTest.cpp">
      <Filter>Classes\FiltersTest</Filter>
    </ClCompile>
    <ClCompile Include="$(MSBuildThisFileDirectory)..\..\Classes\FlipTest\FlipTest.cpp">
      <Filter>Classes\FlipTest</Filter>
    </ClCompile>
    <ClCompile Include="$(MSBuildThisFileDirectory)..\..\Classes\BundlesTest\BundlesTest.cpp">
      <Filter>Classes\BundlesTest</Filter>
    </ClCompile>
    <ClCompile Include="$(MSBuildThisFileDirectory)..\..\Classes\MultipleTimelineTest\MultipleTimelineTest.cpp">
      <Filter>Classes\MultipleTimelineTest</Filter>
    </ClCompile>
    <ClCompile Include="$(MSBuildThisFileDirectory)..\..\Classes\UITest\UITest.cpp">
      <Filter>Classes\UITest</Filter>
    </ClCompile>
    <ClCompile Include="$(MSBuildThisFileDirectory)..\..\Classes\EventsTest\EventsTest.cpp">
      <Filter>Classes\EventsTest</Filter>
    </ClCompile>
  </ItemGroup>
  <ItemGroup>
    <ApplicationDefinition Include="$(MSBuildThisFileDirectory)App.xaml" />
  </ItemGroup>
  <ItemGroup>
    <Filter Include="Classes">
      <UniqueIdentifier>{38ad799c-8c3c-44a2-8e41-516c8f62f556}</UniqueIdentifier>
    </Filter>
    <Filter Include="Classes\MaskTimelineTest">
      <UniqueIdentifier>{0cfe67ec-2871-4f9c-9970-f4dd116d2351}</UniqueIdentifier>
    </Filter>
    <Filter Include="Classes\FramePlaybackTest">
      <UniqueIdentifier>{c2a4c922-f80a-4864-a2f4-8d587cadafe1}</UniqueIdentifier>
    </Filter>
    <Filter Include="Classes\FlipTest">
      <UniqueIdentifier>{6a266e64-fd9e-4b32-ba1d-e9bff1e67bbd}</UniqueIdentifier>
    </Filter>
    <Filter Include="Classes\FiltersTest">
      <UniqueIdentifier>{1b09993f-af68-4482-9939-a5049a1f49ab}</UniqueIdentifier>
    </Filter>
    <Filter Include="Classes\UITest">
      <UniqueIdentifier>{66716162-b6d9-4e66-b3d9-3273a288587f}</UniqueIdentifier>
    </Filter>
    <Filter Include="Classes\MultipleTimelineTest">
      <UniqueIdentifier>{7e1af457-83d3-48ea-9842-2ea1b7794bdf}</UniqueIdentifier>
    </Filter>
    <Filter Include="Classes\BundlesTest">
      <UniqueIdentifier>{a31258a0-e749-45fe-b71b-c50b855afa93}</UniqueIdentifier>
    </Filter>
    <Filter Include="Classes\EventsTest">
      <UniqueIdentifier>{0e96ef87-4e7e-421b-81cb-c5630ceac15c}</UniqueIdentifier>
    </Filter>
  </ItemGroup>
  <ItemGroup>
    <ClInclude Include="$(MSBuildThisFileDirectory)..\..\Classes\AppDelegate.h">
      <Filter>Classes</Filter>
    </ClInclude>
    <ClInclude Include="$(MSBuildThisFileDirectory)..\..\Classes\AppMacros.h">
      <Filter>Classes</Filter>
    </ClInclude>
    <ClInclude Include="$(MSBuildThisFileDirectory)OpenGLES.h" />
    <ClInclude Include="$(MSBuildThisFileDirectory)OpenGLESPage.xaml.h" />
    <ClInclude Include="$(MSBuildThisFileDirectory)..\..\Classes\BaseTest.h">
      <Filter>Classes</Filter>
    </ClInclude>
    <ClInclude Include="$(MSBuildThisFileDirectory)..\..\Classes\controller.h">
      <Filter>Classes</Filter>
    </ClInclude>
    <ClInclude Include="$(MSBuildThisFileDirectory)..\..\Classes\testBasic.h">
      <Filter>Classes</Filter>
    </ClInclude>
    <ClInclude Include="$(MSBuildThisFileDirectory)..\..\Classes\testResource.h">
      <Filter>Classes</Filter>
    </ClInclude>
    <ClInclude Include="$(MSBuildThisFileDirectory)..\..\Classes\tests.h">
      <Filter>Classes</Filter>
    </ClInclude>
    <ClInclude Include="$(MSBuildThisFileDirectory)..\..\Classes\VisibleRect.h">
      <Filter>Classes</Filter>
    </ClInclude>
    <ClInclude Include="$(MSBuildThisFileDirectory)..\..\Classes\MaskTimelineTest\MaskTimelineTest.h">
      <Filter>Classes\MaskTimelineTest</Filter>
    </ClInclude>
    <ClInclude Include="$(MSBuildThisFileDirectory)..\..\Classes\FramePlaybackTest\FramePlaybackTest.h">
      <Filter>Classes\FramePlaybackTest</Filter>
    </ClInclude>
    <ClInclude Include="$(MSBuildThisFileDirectory)..\..\Classes\FiltersTest\FiltersTest.h">
      <Filter>Classes\FiltersTest</Filter>
    </ClInclude>
    <ClInclude Include="$(MSBuildThisFileDirectory)..\..\Classes\FlipTest\FlipTest.h">
      <Filter>Classes\FlipTest</Filter>
    </ClInclude>
    <ClInclude Include="$(MSBuildThisFileDirectory)..\..\Classes\BundlesTest\BundlesTest.h">
      <Filter>Classes\BundlesTest</Filter>
    </ClInclude>
    <ClInclude Include="$(MSBuildThisFileDirectory)..\..\Classes\MultipleTimelineTest\MultipleTimelineTest.h">
      <Filter>Classes\MultipleTimelineTest</Filter>
    </ClInclude>
    <ClInclude Include="$(MSBuildThisFileDirectory)..\..\Classes\UITest\UITest.h">
      <Filter>Classes\UITest</Filter>
    </ClInclude>
    <ClInclude Include="$(MSBuildThisFileDirectory)..\..\Classes\EventsTest\EventsTest.h">
      <Filter>Classes\EventsTest</Filter>
    </ClInclude>
  </ItemGroup>
  <ItemGroup>
    <Page Include="$(MSBuildThisFileDirectory)OpenGLESPage.xaml" />
  </ItemGroup>
</Project>