// !$*UTF8*$!
{
	archiveVersion = 1;
	classes = {
	};
	objectVersion = 46;
	objects = {

/* Begin PBXBuildFile section */
		CF59E90B187DAB2D003A6524 /* Foundation.framework in Frameworks */ = {isa = PBXBuildFile; fileRef = CF59E90A187DAB2D003A6524 /* Foundation.framework */; };
		CF59E90D187DAB2D003A6524 /* CoreGraphics.framework in Frameworks */ = {isa = PBXBuildFile; fileRef = CF59E90C187DAB2D003A6524 /* CoreGraphics.framework */; };
		CF59E90F187DAB2D003A6524 /* UIKit.framework in Frameworks */ = {isa = PBXBuildFile; fileRef = CF59E90E187DAB2D003A6524 /* UIKit.framework */; };
		CF59E915187DAB2D003A6524 /* InfoPlist.strings in Resources */ = {isa = PBXBuildFile; fileRef = CF59E913187DAB2D003A6524 /* InfoPlist.strings */; };
		CF59E91D187DAB2D003A6524 /* Images.xcassets in Resources */ = {isa = PBXBuildFile; fileRef = CF59E91C187DAB2D003A6524 /* Images.xcassets */; };
		CF59E924187DAB2D003A6524 /* XCTest.framework in Frameworks */ = {isa = PBXBuildFile; fileRef = CF59E923187DAB2D003A6524 /* XCTest.framework */; };
		CF59E925187DAB2D003A6524 /* Foundation.framework in Frameworks */ = {isa = PBXBuildFile; fileRef = CF59E90A187DAB2D003A6524 /* Foundation.framework */; };
		CF59E926187DAB2D003A6524 /* UIKit.framework in Frameworks */ = {isa = PBXBuildFile; fileRef = CF59E90E187DAB2D003A6524 /* UIKit.framework */; };
		CF59E92E187DAB2D003A6524 /* InfoPlist.strings in Resources */ = {isa = PBXBuildFile; fileRef = CF59E92C187DAB2D003A6524 /* InfoPlist.strings */; };
		CF59E930187DAB2D003A6524 /* ExampleTests.m in Sources */ = {isa = PBXBuildFile; fileRef = CF59E92F187DAB2D003A6524 /* ExampleTests.m */; };
		CF59E98D187DBC78003A6524 /* OpenAL.framework in Frameworks */ = {isa = PBXBuildFile; fileRef = CF59E98B187DBC78003A6524 /* OpenAL.framework */; };
		CF59E98E187DBC78003A6524 /* OpenGLES.framework in Frameworks */ = {isa = PBXBuildFile; fileRef = CF59E98C187DBC78003A6524 /* OpenGLES.framework */; };
		CF59E990187DBC87003A6524 /* QuartzCore.framework in Frameworks */ = {isa = PBXBuildFile; fileRef = CF59E98F187DBC87003A6524 /* QuartzCore.framework */; };
		CF59E992187DBC8E003A6524 /* AudioToolbox.framework in Frameworks */ = {isa = PBXBuildFile; fileRef = CF59E991187DBC8E003A6524 /* AudioToolbox.framework */; };
		CF59E994187DBC94003A6524 /* AVFoundation.framework in Frameworks */ = {isa = PBXBuildFile; fileRef = CF59E993187DBC94003A6524 /* AVFoundation.framework */; };
		CF59E9A0187DC19E003A6524 /* libz.dylib in Frameworks */ = {isa = PBXBuildFile; fileRef = CF59E99F187DC19E003A6524 /* libz.dylib */; };
		CF59E9A3187DC4A1003A6524 /* libcocos2dx.a in Frameworks */ = {isa = PBXBuildFile; fileRef = CF59E99A187DBCD8003A6524 /* libcocos2dx.a */; };
		CF59E9C1187DC54F003A6524 /* button_off.png in Resources */ = {isa = PBXBuildFile; fileRef = CF59E9A5187DC54F003A6524 /* button_off.png */; };
		CF59E9C2187DC54F003A6524 /* button_on.png in Resources */ = {isa = PBXBuildFile; fileRef = CF59E9A6187DC54F003A6524 /* button_on.png */; };
		CF59E9D9187DC93A003A6524 /* Shaders in Resources */ = {isa = PBXBuildFile; fileRef = CF59E9D8187DC93A003A6524 /* Shaders */; };
		CF59E9E2187EC938003A6524 /* button_off_minus.png in Resources */ = {isa = PBXBuildFile; fileRef = CF59E9DC187EC938003A6524 /* button_off_minus.png */; };
		CF59E9E3187EC938003A6524 /* button_off_plus.png in Resources */ = {isa = PBXBuildFile; fileRef = CF59E9DD187EC938003A6524 /* button_off_plus.png */; };
		CF59E9E4187EC938003A6524 /* button_off.png in Resources */ = {isa = PBXBuildFile; fileRef = CF59E9DE187EC938003A6524 /* button_off.png */; };
		CF59E9E5187EC938003A6524 /* button_on_minus.png in Resources */ = {isa = PBXBuildFile; fileRef = CF59E9DF187EC938003A6524 /* button_on_minus.png */; };
		CF59E9E6187EC938003A6524 /* button_on_plus.png in Resources */ = {isa = PBXBuildFile; fileRef = CF59E9E0187EC938003A6524 /* button_on_plus.png */; };
		CF59E9E7187EC938003A6524 /* button_on.png in Resources */ = {isa = PBXBuildFile; fileRef = CF59E9E1187EC938003A6524 /* button_on.png */; };
		CFF5ECC7188EA38700C75096 /* jester in Resources */ = {isa = PBXBuildFile; fileRef = CFF5ECC3188EA38600C75096 /* jester */; };
		CFF5ECC8188EA38700C75096 /* skeleton in Resources */ = {isa = PBXBuildFile; fileRef = CFF5ECC4188EA38600C75096 /* skeleton */; };
		CFF5ECC9188EA38700C75096 /* slime in Resources */ = {isa = PBXBuildFile; fileRef = CFF5ECC5188EA38600C75096 /* slime */; };
		CFF5ECCA188EA38700C75096 /* ufo in Resources */ = {isa = PBXBuildFile; fileRef = CFF5ECC6188EA38700C75096 /* ufo */; };
		CFF5ED2A188EA77700C75096 /* AppController.h in Sources */ = {isa = PBXBuildFile; fileRef = CF59E984187DBA11003A6524 /* AppController.h */; };
		CFF5ED2B188EA77700C75096 /* AppController.mm in Sources */ = {isa = PBXBuildFile; fileRef = CF59E985187DBA11003A6524 /* AppController.mm */; };
		CFF5ED2C188EA77700C75096 /* RootViewController.h in Sources */ = {isa = PBXBuildFile; fileRef = CF59E987187DBA49003A6524 /* RootViewController.h */; };
		CFF5ED2D188EA77700C75096 /* RootViewController.mm in Sources */ = {isa = PBXBuildFile; fileRef = CF59E988187DBA49003A6524 /* RootViewController.mm */; };
		CFF5ED2E188EA78E00C75096 /* AppDelegate.cpp in Sources */ = {isa = PBXBuildFile; fileRef = CF59E939187DB29D003A6524 /* AppDelegate.cpp */; };
		CFF5ED2F188EA78E00C75096 /* AppDelegate.h in Sources */ = {isa = PBXBuildFile; fileRef = CF59E93A187DB29D003A6524 /* AppDelegate.h */; };
		CFF5ED30188EA78E00C75096 /* GafFeatures.cpp in Sources */ = {isa = PBXBuildFile; fileRef = CF59E93B187DB29D003A6524 /* GafFeatures.cpp */; };
		CFF5ED31188EA78E00C75096 /* GafFeatures.h in Sources */ = {isa = PBXBuildFile; fileRef = CF59E93C187DB29D003A6524 /* GafFeatures.h */; };
		CFF5ED32188EA7D800C75096 /* main.m in Sources */ = {isa = PBXBuildFile; fileRef = CF59E916187DAB2D003A6524 /* main.m */; };
		CFF5ED6E188EA90000C75096 /* GAFActionObject.cpp in Sources */ = {isa = PBXBuildFile; fileRef = CFF5ED34188EA90000C75096 /* GAFActionObject.cpp */; };
		CFF5ED6F188EA90000C75096 /* GAFAnimatedObject.cpp in Sources */ = {isa = PBXBuildFile; fileRef = CFF5ED36188EA90000C75096 /* GAFAnimatedObject.cpp */; };
		CFF5ED70188EA90000C75096 /* GAFAnimation.cpp in Sources */ = {isa = PBXBuildFile; fileRef = CFF5ED38188EA90000C75096 /* GAFAnimation.cpp */; };
		CFF5ED71188EA90000C75096 /* GAFAnimationFrame.cpp in Sources */ = {isa = PBXBuildFile; fileRef = CFF5ED3A188EA90000C75096 /* GAFAnimationFrame.cpp */; };
		CFF5ED72188EA90000C75096 /* GAFAnimationSequence.cpp in Sources */ = {isa = PBXBuildFile; fileRef = CFF5ED3C188EA90000C75096 /* GAFAnimationSequence.cpp */; };
		CFF5ED73188EA90000C75096 /* GAFAsset.cpp in Sources */ = {isa = PBXBuildFile; fileRef = CFF5ED3E188EA90000C75096 /* GAFAsset.cpp */; };
		CFF5ED74188EA90000C75096 /* GAFFile.cpp in Sources */ = {isa = PBXBuildFile; fileRef = CFF5ED42188EA90000C75096 /* GAFFile.cpp */; };
		CFF5ED75188EA90000C75096 /* GAFFilterData.cpp in Sources */ = {isa = PBXBuildFile; fileRef = CFF5ED44188EA90000C75096 /* GAFFilterData.cpp */; };
		CFF5ED76188EA90000C75096 /* GAFInteractionObject.cpp in Sources */ = {isa = PBXBuildFile; fileRef = CFF5ED47188EA90000C75096 /* GAFInteractionObject.cpp */; };
		CFF5ED77188EA90000C75096 /* GAFLoader.cpp in Sources */ = {isa = PBXBuildFile; fileRef = CFF5ED49188EA90000C75096 /* GAFLoader.cpp */; };
		CFF5ED78188EA90000C75096 /* GAFPrecompiled.cpp in Sources */ = {isa = PBXBuildFile; fileRef = CFF5ED4B188EA90000C75096 /* GAFPrecompiled.cpp */; };
		CFF5ED79188EA90000C75096 /* GAFShaderManager.cpp in Sources */ = {isa = PBXBuildFile; fileRef = CFF5ED4D188EA90000C75096 /* GAFShaderManager.cpp */; };
		CFF5ED7A188EA90000C75096 /* GAFSprite.cpp in Sources */ = {isa = PBXBuildFile; fileRef = CFF5ED4F188EA90000C75096 /* GAFSprite.cpp */; };
		CFF5ED7B188EA90000C75096 /* GAFSpriteWithAlpha.cpp in Sources */ = {isa = PBXBuildFile; fileRef = CFF5ED51188EA90000C75096 /* GAFSpriteWithAlpha.cpp */; };
		CFF5ED7C188EA90000C75096 /* GAFStencilMaskSprite.cpp in Sources */ = {isa = PBXBuildFile; fileRef = CFF5ED53188EA90000C75096 /* GAFStencilMaskSprite.cpp */; };
		CFF5ED7D188EA90000C75096 /* GAFStream.cpp in Sources */ = {isa = PBXBuildFile; fileRef = CFF5ED55188EA90000C75096 /* GAFStream.cpp */; };
		CFF5ED7E188EA90000C75096 /* GAFSubobjectState.cpp in Sources */ = {isa = PBXBuildFile; fileRef = CFF5ED57188EA90000C75096 /* GAFSubobjectState.cpp */; };
		CFF5ED7F188EA90000C75096 /* GAFTextureAtlas.cpp in Sources */ = {isa = PBXBuildFile; fileRef = CFF5ED59188EA90000C75096 /* GAFTextureAtlas.cpp */; };
		CFF5ED80188EA90000C75096 /* GAFTextureAtlasElement.cpp in Sources */ = {isa = PBXBuildFile; fileRef = CFF5ED5B188EA90000C75096 /* GAFTextureAtlasElement.cpp */; };
		CFF5ED81188EA90000C75096 /* GAFTextureEffectsConverter.cpp in Sources */ = {isa = PBXBuildFile; fileRef = CFF5ED5D188EA90000C75096 /* GAFTextureEffectsConverter.cpp */; };
		CFF5ED82188EA90000C75096 /* PrimitiveDeserializer.cpp in Sources */ = {isa = PBXBuildFile; fileRef = CFF5ED5F188EA90000C75096 /* PrimitiveDeserializer.cpp */; };
		CFF5ED83188EA90000C75096 /* TagDefineAnimationFrames.cpp in Sources */ = {isa = PBXBuildFile; fileRef = CFF5ED61188EA90000C75096 /* TagDefineAnimationFrames.cpp */; };
		CFF5ED84188EA90000C75096 /* TagDefineAnimationMasks.cpp in Sources */ = {isa = PBXBuildFile; fileRef = CFF5ED63188EA90000C75096 /* TagDefineAnimationMasks.cpp */; };
		CFF5ED85188EA90000C75096 /* TagDefineAnimationObjects.cpp in Sources */ = {isa = PBXBuildFile; fileRef = CFF5ED65188EA90000C75096 /* TagDefineAnimationObjects.cpp */; };
		CFF5ED86188EA90000C75096 /* TagDefineAtlas.cpp in Sources */ = {isa = PBXBuildFile; fileRef = CFF5ED67188EA90000C75096 /* TagDefineAtlas.cpp */; };
		CFF5ED87188EA90000C75096 /* TagDefineNamedParts.cpp in Sources */ = {isa = PBXBuildFile; fileRef = CFF5ED69188EA90000C75096 /* TagDefineNamedParts.cpp */; };
		CFF5ED88188EA90000C75096 /* TagDefineSequences.cpp in Sources */ = {isa = PBXBuildFile; fileRef = CFF5ED6C188EA90000C75096 /* TagDefineSequences.cpp */; };
/* End PBXBuildFile section */

/* Begin PBXContainerItemProxy section */
		CF59E927187DAB2D003A6524 /* PBXContainerItemProxy */ = {
			isa = PBXContainerItemProxy;
			containerPortal = CF59E8FF187DAB2D003A6524 /* Project object */;
			proxyType = 1;
			remoteGlobalIDString = CF59E906187DAB2D003A6524;
			remoteInfo = Example;
		};
		CF59E999187DBCD8003A6524 /* PBXContainerItemProxy */ = {
			isa = PBXContainerItemProxy;
			containerPortal = CF59E995187DBCD8003A6524 /* cocos2dx.xcodeproj */;
			proxyType = 2;
			remoteGlobalIDString = 1551A33F158F2AB200E66CFE;
			remoteInfo = cocos2dx;
		};
		CF59E9A1187DC496003A6524 /* PBXContainerItemProxy */ = {
			isa = PBXContainerItemProxy;
			containerPortal = CF59E995187DBCD8003A6524 /* cocos2dx.xcodeproj */;
			proxyType = 1;
			remoteGlobalIDString = 1551A33E158F2AB200E66CFE;
			remoteInfo = cocos2dx;
		};
/* End PBXContainerItemProxy section */

/* Begin PBXFileReference section */
		CF59E907187DAB2D003A6524 /* Example.app */ = {isa = PBXFileReference; explicitFileType = wrapper.application; includeInIndex = 0; path = Example.app; sourceTree = BUILT_PRODUCTS_DIR; };
		CF59E90A187DAB2D003A6524 /* Foundation.framework */ = {isa = PBXFileReference; lastKnownFileType = wrapper.framework; name = Foundation.framework; path = System/Library/Frameworks/Foundation.framework; sourceTree = SDKROOT; };
		CF59E90C187DAB2D003A6524 /* CoreGraphics.framework */ = {isa = PBXFileReference; lastKnownFileType = wrapper.framework; name = CoreGraphics.framework; path = System/Library/Frameworks/CoreGraphics.framework; sourceTree = SDKROOT; };
		CF59E90E187DAB2D003A6524 /* UIKit.framework */ = {isa = PBXFileReference; lastKnownFileType = wrapper.framework; name = UIKit.framework; path = System/Library/Frameworks/UIKit.framework; sourceTree = SDKROOT; };
		CF59E912187DAB2D003A6524 /* Example-Info.plist */ = {isa = PBXFileReference; lastKnownFileType = text.plist.xml; path = "Example-Info.plist"; sourceTree = "<group>"; };
		CF59E914187DAB2D003A6524 /* en */ = {isa = PBXFileReference; lastKnownFileType = text.plist.strings; name = en; path = en.lproj/InfoPlist.strings; sourceTree = "<group>"; };
		CF59E916187DAB2D003A6524 /* main.m */ = {isa = PBXFileReference; lastKnownFileType = sourcecode.c.objc; path = main.m; sourceTree = "<group>"; };
		CF59E918187DAB2D003A6524 /* Example-Prefix.pch */ = {isa = PBXFileReference; lastKnownFileType = sourcecode.c.h; path = "Example-Prefix.pch"; sourceTree = "<group>"; };
		CF59E91C187DAB2D003A6524 /* Images.xcassets */ = {isa = PBXFileReference; lastKnownFileType = folder.assetcatalog; path = Images.xcassets; sourceTree = "<group>"; };
		CF59E922187DAB2D003A6524 /* ExampleTests.xctest */ = {isa = PBXFileReference; explicitFileType = wrapper.cfbundle; includeInIndex = 0; path = ExampleTests.xctest; sourceTree = BUILT_PRODUCTS_DIR; };
		CF59E923187DAB2D003A6524 /* XCTest.framework */ = {isa = PBXFileReference; lastKnownFileType = wrapper.framework; name = XCTest.framework; path = Library/Frameworks/XCTest.framework; sourceTree = DEVELOPER_DIR; };
		CF59E92B187DAB2D003A6524 /* ExampleTests-Info.plist */ = {isa = PBXFileReference; lastKnownFileType = text.plist.xml; path = "ExampleTests-Info.plist"; sourceTree = "<group>"; };
		CF59E92D187DAB2D003A6524 /* en */ = {isa = PBXFileReference; lastKnownFileType = text.plist.strings; name = en; path = en.lproj/InfoPlist.strings; sourceTree = "<group>"; };
		CF59E92F187DAB2D003A6524 /* ExampleTests.m */ = {isa = PBXFileReference; lastKnownFileType = sourcecode.c.objc; path = ExampleTests.m; sourceTree = "<group>"; };
		CF59E939187DB29D003A6524 /* AppDelegate.cpp */ = {isa = PBXFileReference; fileEncoding = 4; lastKnownFileType = sourcecode.cpp.cpp; name = AppDelegate.cpp; path = ../../Classes/AppDelegate.cpp; sourceTree = "<group>"; };
		CF59E93A187DB29D003A6524 /* AppDelegate.h */ = {isa = PBXFileReference; explicitFileType = sourcecode.cpp.h; fileEncoding = 4; name = AppDelegate.h; path = ../../Classes/AppDelegate.h; sourceTree = "<group>"; };
		CF59E93B187DB29D003A6524 /* GafFeatures.cpp */ = {isa = PBXFileReference; fileEncoding = 4; lastKnownFileType = sourcecode.cpp.cpp; name = GafFeatures.cpp; path = ../../Classes/GafFeatures.cpp; sourceTree = "<group>"; };
		CF59E93C187DB29D003A6524 /* GafFeatures.h */ = {isa = PBXFileReference; fileEncoding = 4; lastKnownFileType = sourcecode.c.h; name = GafFeatures.h; path = ../../Classes/GafFeatures.h; sourceTree = "<group>"; };
		CF59E969187DB3DB003A6524 /* GAFPrecompiledShaders.h */ = {isa = PBXFileReference; fileEncoding = 4; lastKnownFileType = sourcecode.c.h; path = GAFPrecompiledShaders.h; sourceTree = "<group>"; };
		CF59E96A187DB3DB003A6524 /* GaussianBlur.h */ = {isa = PBXFileReference; fileEncoding = 4; lastKnownFileType = sourcecode.c.h; path = GaussianBlur.h; sourceTree = "<group>"; };
		CF59E96B187DB3DB003A6524 /* kGAFScrollLayerAlphaFilterProgramCacheKey.h */ = {isa = PBXFileReference; fileEncoding = 4; lastKnownFileType = sourcecode.c.h; path = kGAFScrollLayerAlphaFilterProgramCacheKey.h; sourceTree = "<group>"; };
		CF59E96C187DB3DB003A6524 /* kGAFSpriteWithAlphaShaderProgramCache.h */ = {isa = PBXFileReference; fileEncoding = 4; lastKnownFileType = sourcecode.c.h; path = kGAFSpriteWithAlphaShaderProgramCache.h; sourceTree = "<group>"; };
		CF59E984187DBA11003A6524 /* AppController.h */ = {isa = PBXFileReference; fileEncoding = 4; lastKnownFileType = sourcecode.c.h; name = AppController.h; path = ../../Classes/AppController.h; sourceTree = "<group>"; };
		CF59E985187DBA11003A6524 /* AppController.mm */ = {isa = PBXFileReference; fileEncoding = 4; lastKnownFileType = sourcecode.cpp.objcpp; name = AppController.mm; path = ../../Classes/AppController.mm; sourceTree = "<group>"; };
		CF59E987187DBA49003A6524 /* RootViewController.h */ = {isa = PBXFileReference; fileEncoding = 4; lastKnownFileType = sourcecode.c.h; name = RootViewController.h; path = ../../Classes/RootViewController.h; sourceTree = "<group>"; };
		CF59E988187DBA49003A6524 /* RootViewController.mm */ = {isa = PBXFileReference; fileEncoding = 4; lastKnownFileType = sourcecode.cpp.objcpp; name = RootViewController.mm; path = ../../Classes/RootViewController.mm; sourceTree = "<group>"; };
		CF59E98B187DBC78003A6524 /* OpenAL.framework */ = {isa = PBXFileReference; lastKnownFileType = wrapper.framework; name = OpenAL.framework; path = System/Library/Frameworks/OpenAL.framework; sourceTree = SDKROOT; };
		CF59E98C187DBC78003A6524 /* OpenGLES.framework */ = {isa = PBXFileReference; lastKnownFileType = wrapper.framework; name = OpenGLES.framework; path = System/Library/Frameworks/OpenGLES.framework; sourceTree = SDKROOT; };
		CF59E98F187DBC87003A6524 /* QuartzCore.framework */ = {isa = PBXFileReference; lastKnownFileType = wrapper.framework; name = QuartzCore.framework; path = System/Library/Frameworks/QuartzCore.framework; sourceTree = SDKROOT; };
		CF59E991187DBC8E003A6524 /* AudioToolbox.framework */ = {isa = PBXFileReference; lastKnownFileType = wrapper.framework; name = AudioToolbox.framework; path = System/Library/Frameworks/AudioToolbox.framework; sourceTree = SDKROOT; };
		CF59E993187DBC94003A6524 /* AVFoundation.framework */ = {isa = PBXFileReference; lastKnownFileType = wrapper.framework; name = AVFoundation.framework; path = System/Library/Frameworks/AVFoundation.framework; sourceTree = SDKROOT; };
		CF59E995187DBCD8003A6524 /* cocos2dx.xcodeproj */ = {isa = PBXFileReference; lastKnownFileType = "wrapper.pb-project"; name = cocos2dx.xcodeproj; path = ../../../../cocos2dx/proj.ios/cocos2dx.xcodeproj; sourceTree = "<group>"; };
		CF59E99F187DC19E003A6524 /* libz.dylib */ = {isa = PBXFileReference; lastKnownFileType = "compiled.mach-o.dylib"; name = libz.dylib; path = usr/lib/libz.dylib; sourceTree = SDKROOT; };
		CF59E9A5187DC54F003A6524 /* button_off.png */ = {isa = PBXFileReference; lastKnownFileType = image.png; path = button_off.png; sourceTree = "<group>"; };
		CF59E9A6187DC54F003A6524 /* button_on.png */ = {isa = PBXFileReference; lastKnownFileType = image.png; path = button_on.png; sourceTree = "<group>"; };
		CF59E9D8187DC93A003A6524 /* Shaders */ = {isa = PBXFileReference; lastKnownFileType = folder; path = Shaders; sourceTree = "<group>"; };
		CF59E9DC187EC938003A6524 /* button_off_minus.png */ = {isa = PBXFileReference; lastKnownFileType = image.png; path = button_off_minus.png; sourceTree = "<group>"; };
		CF59E9DD187EC938003A6524 /* button_off_plus.png */ = {isa = PBXFileReference; lastKnownFileType = image.png; path = button_off_plus.png; sourceTree = "<group>"; };
		CF59E9DE187EC938003A6524 /* button_off.png */ = {isa = PBXFileReference; lastKnownFileType = image.png; path = button_off.png; sourceTree = "<group>"; };
		CF59E9DF187EC938003A6524 /* button_on_minus.png */ = {isa = PBXFileReference; lastKnownFileType = image.png; path = button_on_minus.png; sourceTree = "<group>"; };
		CF59E9E0187EC938003A6524 /* button_on_plus.png */ = {isa = PBXFileReference; lastKnownFileType = image.png; path = button_on_plus.png; sourceTree = "<group>"; };
		CF59E9E1187EC938003A6524 /* button_on.png */ = {isa = PBXFileReference; lastKnownFileType = image.png; path = button_on.png; sourceTree = "<group>"; };
		CFF5ECC3188EA38600C75096 /* jester */ = {isa = PBXFileReference; lastKnownFileType = folder; path = jester; sourceTree = "<group>"; };
		CFF5ECC4188EA38600C75096 /* skeleton */ = {isa = PBXFileReference; lastKnownFileType = folder; path = skeleton; sourceTree = "<group>"; };
		CFF5ECC5188EA38600C75096 /* slime */ = {isa = PBXFileReference; lastKnownFileType = folder; path = slime; sourceTree = "<group>"; };
		CFF5ECC6188EA38700C75096 /* ufo */ = {isa = PBXFileReference; lastKnownFileType = folder; path = ufo; sourceTree = "<group>"; };
		CFF5ED33188EA90000C75096 /* DefinitionTagBase.h */ = {isa = PBXFileReference; fileEncoding = 4; lastKnownFileType = sourcecode.c.h; name = DefinitionTagBase.h; path = ../../../Library/Sources/DefinitionTagBase.h; sourceTree = "<group>"; };
		CFF5ED34188EA90000C75096 /* GAFActionObject.cpp */ = {isa = PBXFileReference; fileEncoding = 4; lastKnownFileType = sourcecode.cpp.cpp; name = GAFActionObject.cpp; path = ../../../Library/Sources/GAFActionObject.cpp; sourceTree = "<group>"; };
		CFF5ED35188EA90000C75096 /* GAFActionObject.h */ = {isa = PBXFileReference; fileEncoding = 4; lastKnownFileType = sourcecode.c.h; name = GAFActionObject.h; path = ../../../Library/Sources/GAFActionObject.h; sourceTree = "<group>"; };
		CFF5ED36188EA90000C75096 /* GAFAnimatedObject.cpp */ = {isa = PBXFileReference; fileEncoding = 4; lastKnownFileType = sourcecode.cpp.cpp; name = GAFAnimatedObject.cpp; path = ../../../Library/Sources/GAFAnimatedObject.cpp; sourceTree = "<group>"; };
		CFF5ED37188EA90000C75096 /* GAFAnimatedObject.h */ = {isa = PBXFileReference; fileEncoding = 4; lastKnownFileType = sourcecode.c.h; name = GAFAnimatedObject.h; path = ../../../Library/Sources/GAFAnimatedObject.h; sourceTree = "<group>"; };
		CFF5ED38188EA90000C75096 /* GAFAnimation.cpp */ = {isa = PBXFileReference; fileEncoding = 4; lastKnownFileType = sourcecode.cpp.cpp; name = GAFAnimation.cpp; path = ../../../Library/Sources/GAFAnimation.cpp; sourceTree = "<group>"; };
		CFF5ED39188EA90000C75096 /* GAFAnimation.h */ = {isa = PBXFileReference; fileEncoding = 4; lastKnownFileType = sourcecode.c.h; name = GAFAnimation.h; path = ../../../Library/Sources/GAFAnimation.h; sourceTree = "<group>"; };
		CFF5ED3A188EA90000C75096 /* GAFAnimationFrame.cpp */ = {isa = PBXFileReference; fileEncoding = 4; lastKnownFileType = sourcecode.cpp.cpp; name = GAFAnimationFrame.cpp; path = ../../../Library/Sources/GAFAnimationFrame.cpp; sourceTree = "<group>"; };
		CFF5ED3B188EA90000C75096 /* GAFAnimationFrame.h */ = {isa = PBXFileReference; fileEncoding = 4; lastKnownFileType = sourcecode.c.h; name = GAFAnimationFrame.h; path = ../../../Library/Sources/GAFAnimationFrame.h; sourceTree = "<group>"; };
		CFF5ED3C188EA90000C75096 /* GAFAnimationSequence.cpp */ = {isa = PBXFileReference; fileEncoding = 4; lastKnownFileType = sourcecode.cpp.cpp; name = GAFAnimationSequence.cpp; path = ../../../Library/Sources/GAFAnimationSequence.cpp; sourceTree = "<group>"; };
		CFF5ED3D188EA90000C75096 /* GAFAnimationSequence.h */ = {isa = PBXFileReference; fileEncoding = 4; lastKnownFileType = sourcecode.c.h; name = GAFAnimationSequence.h; path = ../../../Library/Sources/GAFAnimationSequence.h; sourceTree = "<group>"; };
		CFF5ED3E188EA90000C75096 /* GAFAsset.cpp */ = {isa = PBXFileReference; fileEncoding = 4; lastKnownFileType = sourcecode.cpp.cpp; name = GAFAsset.cpp; path = ../../../Library/Sources/GAFAsset.cpp; sourceTree = "<group>"; };
		CFF5ED3F188EA90000C75096 /* GAFAsset.h */ = {isa = PBXFileReference; fileEncoding = 4; lastKnownFileType = sourcecode.c.h; name = GAFAsset.h; path = ../../../Library/Sources/GAFAsset.h; sourceTree = "<group>"; };
		CFF5ED40188EA90000C75096 /* GAFCollections.h */ = {isa = PBXFileReference; fileEncoding = 4; lastKnownFileType = sourcecode.c.h; name = GAFCollections.h; path = ../../../Library/Sources/GAFCollections.h; sourceTree = "<group>"; };
		CFF5ED41188EA90000C75096 /* GAFData.h */ = {isa = PBXFileReference; fileEncoding = 4; lastKnownFileType = sourcecode.c.h; name = GAFData.h; path = ../../../Library/Sources/GAFData.h; sourceTree = "<group>"; };
		CFF5ED42188EA90000C75096 /* GAFFile.cpp */ = {isa = PBXFileReference; fileEncoding = 4; lastKnownFileType = sourcecode.cpp.cpp; name = GAFFile.cpp; path = ../../../Library/Sources/GAFFile.cpp; sourceTree = "<group>"; };
		CFF5ED43188EA90000C75096 /* GAFFile.h */ = {isa = PBXFileReference; fileEncoding = 4; lastKnownFileType = sourcecode.c.h; name = GAFFile.h; path = ../../../Library/Sources/GAFFile.h; sourceTree = "<group>"; };
		CFF5ED44188EA90000C75096 /* GAFFilterData.cpp */ = {isa = PBXFileReference; fileEncoding = 4; lastKnownFileType = sourcecode.cpp.cpp; name = GAFFilterData.cpp; path = ../../../Library/Sources/GAFFilterData.cpp; sourceTree = "<group>"; };
		CFF5ED45188EA90000C75096 /* GAFFilterData.h */ = {isa = PBXFileReference; fileEncoding = 4; lastKnownFileType = sourcecode.c.h; name = GAFFilterData.h; path = ../../../Library/Sources/GAFFilterData.h; sourceTree = "<group>"; };
		CFF5ED46188EA90000C75096 /* GAFHeader.h */ = {isa = PBXFileReference; fileEncoding = 4; lastKnownFileType = sourcecode.c.h; name = GAFHeader.h; path = ../../../Library/Sources/GAFHeader.h; sourceTree = "<group>"; };
		CFF5ED47188EA90000C75096 /* GAFInteractionObject.cpp */ = {isa = PBXFileReference; fileEncoding = 4; lastKnownFileType = sourcecode.cpp.cpp; name = GAFInteractionObject.cpp; path = ../../../Library/Sources/GAFInteractionObject.cpp; sourceTree = "<group>"; };
		CFF5ED48188EA90000C75096 /* GAFInteractionObject.h */ = {isa = PBXFileReference; fileEncoding = 4; lastKnownFileType = sourcecode.c.h; name = GAFInteractionObject.h; path = ../../../Library/Sources/GAFInteractionObject.h; sourceTree = "<group>"; };
		CFF5ED49188EA90000C75096 /* GAFLoader.cpp */ = {isa = PBXFileReference; fileEncoding = 4; lastKnownFileType = sourcecode.cpp.cpp; name = GAFLoader.cpp; path = ../../../Library/Sources/GAFLoader.cpp; sourceTree = "<group>"; };
		CFF5ED4A188EA90000C75096 /* GAFLoader.h */ = {isa = PBXFileReference; fileEncoding = 4; lastKnownFileType = sourcecode.c.h; name = GAFLoader.h; path = ../../../Library/Sources/GAFLoader.h; sourceTree = "<group>"; };
		CFF5ED4B188EA90000C75096 /* GAFPrecompiled.cpp */ = {isa = PBXFileReference; fileEncoding = 4; lastKnownFileType = sourcecode.cpp.cpp; name = GAFPrecompiled.cpp; path = ../../../Library/Sources/GAFPrecompiled.cpp; sourceTree = "<group>"; };
		CFF5ED4C188EA90000C75096 /* GAFPrecompiled.h */ = {isa = PBXFileReference; fileEncoding = 4; lastKnownFileType = sourcecode.c.h; name = GAFPrecompiled.h; path = ../../../Library/Sources/GAFPrecompiled.h; sourceTree = "<group>"; };
		CFF5ED4D188EA90000C75096 /* GAFShaderManager.cpp */ = {isa = PBXFileReference; fileEncoding = 4; lastKnownFileType = sourcecode.cpp.cpp; name = GAFShaderManager.cpp; path = ../../../Library/Sources/GAFShaderManager.cpp; sourceTree = "<group>"; };
		CFF5ED4E188EA90000C75096 /* GAFShaderManager.h */ = {isa = PBXFileReference; fileEncoding = 4; lastKnownFileType = sourcecode.c.h; name = GAFShaderManager.h; path = ../../../Library/Sources/GAFShaderManager.h; sourceTree = "<group>"; };
		CFF5ED4F188EA90000C75096 /* GAFSprite.cpp */ = {isa = PBXFileReference; fileEncoding = 4; lastKnownFileType = sourcecode.cpp.cpp; name = GAFSprite.cpp; path = ../../../Library/Sources/GAFSprite.cpp; sourceTree = "<group>"; };
		CFF5ED50188EA90000C75096 /* GAFSprite.h */ = {isa = PBXFileReference; fileEncoding = 4; lastKnownFileType = sourcecode.c.h; name = GAFSprite.h; path = ../../../Library/Sources/GAFSprite.h; sourceTree = "<group>"; };
		CFF5ED51188EA90000C75096 /* GAFSpriteWithAlpha.cpp */ = {isa = PBXFileReference; fileEncoding = 4; lastKnownFileType = sourcecode.cpp.cpp; name = GAFSpriteWithAlpha.cpp; path = ../../../Library/Sources/GAFSpriteWithAlpha.cpp; sourceTree = "<group>"; };
		CFF5ED52188EA90000C75096 /* GAFSpriteWithAlpha.h */ = {isa = PBXFileReference; fileEncoding = 4; lastKnownFileType = sourcecode.c.h; name = GAFSpriteWithAlpha.h; path = ../../../Library/Sources/GAFSpriteWithAlpha.h; sourceTree = "<group>"; };
		CFF5ED53188EA90000C75096 /* GAFStencilMaskSprite.cpp */ = {isa = PBXFileReference; fileEncoding = 4; lastKnownFileType = sourcecode.cpp.cpp; name = GAFStencilMaskSprite.cpp; path = ../../../Library/Sources/GAFStencilMaskSprite.cpp; sourceTree = "<group>"; };
		CFF5ED54188EA90000C75096 /* GAFStencilMaskSprite.h */ = {isa = PBXFileReference; fileEncoding = 4; lastKnownFileType = sourcecode.c.h; name = GAFStencilMaskSprite.h; path = ../../../Library/Sources/GAFStencilMaskSprite.h; sourceTree = "<group>"; };
		CFF5ED55188EA90000C75096 /* GAFStream.cpp */ = {isa = PBXFileReference; fileEncoding = 4; lastKnownFileType = sourcecode.cpp.cpp; name = GAFStream.cpp; path = ../../../Library/Sources/GAFStream.cpp; sourceTree = "<group>"; };
		CFF5ED56188EA90000C75096 /* GAFStream.h */ = {isa = PBXFileReference; fileEncoding = 4; lastKnownFileType = sourcecode.c.h; name = GAFStream.h; path = ../../../Library/Sources/GAFStream.h; sourceTree = "<group>"; };
		CFF5ED57188EA90000C75096 /* GAFSubobjectState.cpp */ = {isa = PBXFileReference; fileEncoding = 4; lastKnownFileType = sourcecode.cpp.cpp; name = GAFSubobjectState.cpp; path = ../../../Library/Sources/GAFSubobjectState.cpp; sourceTree = "<group>"; };
		CFF5ED58188EA90000C75096 /* GAFSubobjectState.h */ = {isa = PBXFileReference; fileEncoding = 4; lastKnownFileType = sourcecode.c.h; name = GAFSubobjectState.h; path = ../../../Library/Sources/GAFSubobjectState.h; sourceTree = "<group>"; };
		CFF5ED59188EA90000C75096 /* GAFTextureAtlas.cpp */ = {isa = PBXFileReference; fileEncoding = 4; lastKnownFileType = sourcecode.cpp.cpp; name = GAFTextureAtlas.cpp; path = ../../../Library/Sources/GAFTextureAtlas.cpp; sourceTree = "<group>"; };
		CFF5ED5A188EA90000C75096 /* GAFTextureAtlas.h */ = {isa = PBXFileReference; fileEncoding = 4; lastKnownFileType = sourcecode.c.h; name = GAFTextureAtlas.h; path = ../../../Library/Sources/GAFTextureAtlas.h; sourceTree = "<group>"; };
		CFF5ED5B188EA90000C75096 /* GAFTextureAtlasElement.cpp */ = {isa = PBXFileReference; fileEncoding = 4; lastKnownFileType = sourcecode.cpp.cpp; name = GAFTextureAtlasElement.cpp; path = ../../../Library/Sources/GAFTextureAtlasElement.cpp; sourceTree = "<group>"; };
		CFF5ED5C188EA90000C75096 /* GAFTextureAtlasElement.h */ = {isa = PBXFileReference; fileEncoding = 4; lastKnownFileType = sourcecode.c.h; name = GAFTextureAtlasElement.h; path = ../../../Library/Sources/GAFTextureAtlasElement.h; sourceTree = "<group>"; };
		CFF5ED5D188EA90000C75096 /* GAFTextureEffectsConverter.cpp */ = {isa = PBXFileReference; fileEncoding = 4; lastKnownFileType = sourcecode.cpp.cpp; name = GAFTextureEffectsConverter.cpp; path = ../../../Library/Sources/GAFTextureEffectsConverter.cpp; sourceTree = "<group>"; };
		CFF5ED5E188EA90000C75096 /* GAFTextureEffectsConverter.h */ = {isa = PBXFileReference; fileEncoding = 4; lastKnownFileType = sourcecode.c.h; name = GAFTextureEffectsConverter.h; path = ../../../Library/Sources/GAFTextureEffectsConverter.h; sourceTree = "<group>"; };
		CFF5ED5F188EA90000C75096 /* PrimitiveDeserializer.cpp */ = {isa = PBXFileReference; fileEncoding = 4; lastKnownFileType = sourcecode.cpp.cpp; name = PrimitiveDeserializer.cpp; path = ../../../Library/Sources/PrimitiveDeserializer.cpp; sourceTree = "<group>"; };
		CFF5ED60188EA90000C75096 /* PrimitiveDeserializer.h */ = {isa = PBXFileReference; fileEncoding = 4; lastKnownFileType = sourcecode.c.h; name = PrimitiveDeserializer.h; path = ../../../Library/Sources/PrimitiveDeserializer.h; sourceTree = "<group>"; };
		CFF5ED61188EA90000C75096 /* TagDefineAnimationFrames.cpp */ = {isa = PBXFileReference; fileEncoding = 4; lastKnownFileType = sourcecode.cpp.cpp; name = TagDefineAnimationFrames.cpp; path = ../../../Library/Sources/TagDefineAnimationFrames.cpp; sourceTree = "<group>"; };
		CFF5ED62188EA90000C75096 /* TagDefineAnimationFrames.h */ = {isa = PBXFileReference; fileEncoding = 4; lastKnownFileType = sourcecode.c.h; name = TagDefineAnimationFrames.h; path = ../../../Library/Sources/TagDefineAnimationFrames.h; sourceTree = "<group>"; };
		CFF5ED63188EA90000C75096 /* TagDefineAnimationMasks.cpp */ = {isa = PBXFileReference; fileEncoding = 4; lastKnownFileType = sourcecode.cpp.cpp; name = TagDefineAnimationMasks.cpp; path = ../../../Library/Sources/TagDefineAnimationMasks.cpp; sourceTree = "<group>"; };
		CFF5ED64188EA90000C75096 /* TagDefineAnimationMasks.h */ = {isa = PBXFileReference; fileEncoding = 4; lastKnownFileType = sourcecode.c.h; name = TagDefineAnimationMasks.h; path = ../../../Library/Sources/TagDefineAnimationMasks.h; sourceTree = "<group>"; };
		CFF5ED65188EA90000C75096 /* TagDefineAnimationObjects.cpp */ = {isa = PBXFileReference; fileEncoding = 4; lastKnownFileType = sourcecode.cpp.cpp; name = TagDefineAnimationObjects.cpp; path = ../../../Library/Sources/TagDefineAnimationObjects.cpp; sourceTree = "<group>"; };
		CFF5ED66188EA90000C75096 /* TagDefineAnimationObjects.h */ = {isa = PBXFileReference; fileEncoding = 4; lastKnownFileType = sourcecode.c.h; name = TagDefineAnimationObjects.h; path = ../../../Library/Sources/TagDefineAnimationObjects.h; sourceTree = "<group>"; };
		CFF5ED67188EA90000C75096 /* TagDefineAtlas.cpp */ = {isa = PBXFileReference; fileEncoding = 4; lastKnownFileType = sourcecode.cpp.cpp; name = TagDefineAtlas.cpp; path = ../../../Library/Sources/TagDefineAtlas.cpp; sourceTree = "<group>"; };
		CFF5ED68188EA90000C75096 /* TagDefineAtlas.h */ = {isa = PBXFileReference; fileEncoding = 4; lastKnownFileType = sourcecode.c.h; name = TagDefineAtlas.h; path = ../../../Library/Sources/TagDefineAtlas.h; sourceTree = "<group>"; };
		CFF5ED69188EA90000C75096 /* TagDefineNamedParts.cpp */ = {isa = PBXFileReference; fileEncoding = 4; lastKnownFileType = sourcecode.cpp.cpp; name = TagDefineNamedParts.cpp; path = ../../../Library/Sources/TagDefineNamedParts.cpp; sourceTree = "<group>"; };
		CFF5ED6A188EA90000C75096 /* TagDefineNamedParts.h */ = {isa = PBXFileReference; fileEncoding = 4; lastKnownFileType = sourcecode.c.h; name = TagDefineNamedParts.h; path = ../../../Library/Sources/TagDefineNamedParts.h; sourceTree = "<group>"; };
		CFF5ED6B188EA90000C75096 /* TagDefines.h */ = {isa = PBXFileReference; fileEncoding = 4; lastKnownFileType = sourcecode.c.h; name = TagDefines.h; path = ../../../Library/Sources/TagDefines.h; sourceTree = "<group>"; };
		CFF5ED6C188EA90000C75096 /* TagDefineSequences.cpp */ = {isa = PBXFileReference; fileEncoding = 4; lastKnownFileType = sourcecode.cpp.cpp; name = TagDefineSequences.cpp; path = ../../../Library/Sources/TagDefineSequences.cpp; sourceTree = "<group>"; };
		CFF5ED6D188EA90000C75096 /* TagDefineSequences.h */ = {isa = PBXFileReference; fileEncoding = 4; lastKnownFileType = sourcecode.c.h; name = TagDefineSequences.h; path = ../../../Library/Sources/TagDefineSequences.h; sourceTree = "<group>"; };
/* End PBXFileReference section */

/* Begin PBXFrameworksBuildPhase section */
		CF59E904187DAB2D003A6524 /* Frameworks */ = {
			isa = PBXFrameworksBuildPhase;
			buildActionMask = 2147483647;
			files = (
				CF59E9A3187DC4A1003A6524 /* libcocos2dx.a in Frameworks */,
				CF59E9A0187DC19E003A6524 /* libz.dylib in Frameworks */,
				CF59E994187DBC94003A6524 /* AVFoundation.framework in Frameworks */,
				CF59E992187DBC8E003A6524 /* AudioToolbox.framework in Frameworks */,
				CF59E990187DBC87003A6524 /* QuartzCore.framework in Frameworks */,
				CF59E98D187DBC78003A6524 /* OpenAL.framework in Frameworks */,
				CF59E98E187DBC78003A6524 /* OpenGLES.framework in Frameworks */,
				CF59E90D187DAB2D003A6524 /* CoreGraphics.framework in Frameworks */,
				CF59E90F187DAB2D003A6524 /* UIKit.framework in Frameworks */,
				CF59E90B187DAB2D003A6524 /* Foundation.framework in Frameworks */,
			);
			runOnlyForDeploymentPostprocessing = 0;
		};
		CF59E91F187DAB2D003A6524 /* Frameworks */ = {
			isa = PBXFrameworksBuildPhase;
			buildActionMask = 2147483647;
			files = (
				CF59E924187DAB2D003A6524 /* XCTest.framework in Frameworks */,
				CF59E926187DAB2D003A6524 /* UIKit.framework in Frameworks */,
				CF59E925187DAB2D003A6524 /* Foundation.framework in Frameworks */,
			);
			runOnlyForDeploymentPostprocessing = 0;
		};
/* End PBXFrameworksBuildPhase section */

/* Begin PBXGroup section */
		CF59E8FE187DAB2D003A6524 = {
			isa = PBXGroup;
			children = (
				CF59E9A4187DC54F003A6524 /* Resources */,
				CF59E995187DBCD8003A6524 /* cocos2dx.xcodeproj */,
				CF59E910187DAB2D003A6524 /* Example */,
				CF59E929187DAB2D003A6524 /* ExampleTests */,
				CF59E909187DAB2D003A6524 /* Frameworks */,
				CF59E908187DAB2D003A6524 /* Products */,
			);
			sourceTree = "<group>";
		};
		CF59E908187DAB2D003A6524 /* Products */ = {
			isa = PBXGroup;
			children = (
				CF59E907187DAB2D003A6524 /* Example.app */,
				CF59E922187DAB2D003A6524 /* ExampleTests.xctest */,
			);
			name = Products;
			sourceTree = "<group>";
		};
		CF59E909187DAB2D003A6524 /* Frameworks */ = {
			isa = PBXGroup;
			children = (
				CF59E99F187DC19E003A6524 /* libz.dylib */,
				CF59E993187DBC94003A6524 /* AVFoundation.framework */,
				CF59E991187DBC8E003A6524 /* AudioToolbox.framework */,
				CF59E98F187DBC87003A6524 /* QuartzCore.framework */,
				CF59E98B187DBC78003A6524 /* OpenAL.framework */,
				CF59E98C187DBC78003A6524 /* OpenGLES.framework */,
				CF59E90A187DAB2D003A6524 /* Foundation.framework */,
				CF59E90C187DAB2D003A6524 /* CoreGraphics.framework */,
				CF59E90E187DAB2D003A6524 /* UIKit.framework */,
				CF59E923187DAB2D003A6524 /* XCTest.framework */,
			);
			name = Frameworks;
			sourceTree = "<group>";
		};
		CF59E910187DAB2D003A6524 /* Example */ = {
			isa = PBXGroup;
			children = (
				CF59E97F187DB9A1003A6524 /* ios */,
				CF59E940187DB3C8003A6524 /* Library */,
				CF59E939187DB29D003A6524 /* AppDelegate.cpp */,
				CF59E93A187DB29D003A6524 /* AppDelegate.h */,
				CF59E93B187DB29D003A6524 /* GafFeatures.cpp */,
				CF59E93C187DB29D003A6524 /* GafFeatures.h */,
				CF59E91C187DAB2D003A6524 /* Images.xcassets */,
				CF59E911187DAB2D003A6524 /* Supporting Files */,
			);
			path = Example;
			sourceTree = "<group>";
		};
		CF59E911187DAB2D003A6524 /* Supporting Files */ = {
			isa = PBXGroup;
			children = (
				CF59E912187DAB2D003A6524 /* Example-Info.plist */,
				CF59E913187DAB2D003A6524 /* InfoPlist.strings */,
				CF59E916187DAB2D003A6524 /* main.m */,
				CF59E918187DAB2D003A6524 /* Example-Prefix.pch */,
			);
			name = "Supporting Files";
			sourceTree = "<group>";
		};
		CF59E929187DAB2D003A6524 /* ExampleTests */ = {
			isa = PBXGroup;
			children = (
				CF59E92F187DAB2D003A6524 /* ExampleTests.m */,
				CF59E92A187DAB2D003A6524 /* Supporting Files */,
			);
			path = ExampleTests;
			sourceTree = "<group>";
		};
		CF59E92A187DAB2D003A6524 /* Supporting Files */ = {
			isa = PBXGroup;
			children = (
				CF59E92B187DAB2D003A6524 /* ExampleTests-Info.plist */,
				CF59E92C187DAB2D003A6524 /* InfoPlist.strings */,
			);
			name = "Supporting Files";
			sourceTree = "<group>";
		};
		CF59E940187DB3C8003A6524 /* Library */ = {
			isa = PBXGroup;
			children = (
				CFF5ED33188EA90000C75096 /* DefinitionTagBase.h */,
				CFF5ED34188EA90000C75096 /* GAFActionObject.cpp */,
				CFF5ED35188EA90000C75096 /* GAFActionObject.h */,
				CFF5ED36188EA90000C75096 /* GAFAnimatedObject.cpp */,
				CFF5ED37188EA90000C75096 /* GAFAnimatedObject.h */,
				CFF5ED38188EA90000C75096 /* GAFAnimation.cpp */,
				CFF5ED39188EA90000C75096 /* GAFAnimation.h */,
				CFF5ED3A188EA90000C75096 /* GAFAnimationFrame.cpp */,
				CFF5ED3B188EA90000C75096 /* GAFAnimationFrame.h */,
				CFF5ED3C188EA90000C75096 /* GAFAnimationSequence.cpp */,
				CFF5ED3D188EA90000C75096 /* GAFAnimationSequence.h */,
				CFF5ED3E188EA90000C75096 /* GAFAsset.cpp */,
				CFF5ED3F188EA90000C75096 /* GAFAsset.h */,
				CFF5ED40188EA90000C75096 /* GAFCollections.h */,
				CFF5ED41188EA90000C75096 /* GAFData.h */,
				CFF5ED42188EA90000C75096 /* GAFFile.cpp */,
				CFF5ED43188EA90000C75096 /* GAFFile.h */,
				CFF5ED44188EA90000C75096 /* GAFFilterData.cpp */,
				CFF5ED45188EA90000C75096 /* GAFFilterData.h */,
				CFF5ED46188EA90000C75096 /* GAFHeader.h */,
				CFF5ED47188EA90000C75096 /* GAFInteractionObject.cpp */,
				CFF5ED48188EA90000C75096 /* GAFInteractionObject.h */,
				CFF5ED49188EA90000C75096 /* GAFLoader.cpp */,
				CFF5ED4A188EA90000C75096 /* GAFLoader.h */,
				CFF5ED4B188EA90000C75096 /* GAFPrecompiled.cpp */,
				CFF5ED4C188EA90000C75096 /* GAFPrecompiled.h */,
				CFF5ED4D188EA90000C75096 /* GAFShaderManager.cpp */,
				CFF5ED4E188EA90000C75096 /* GAFShaderManager.h */,
				CFF5ED4F188EA90000C75096 /* GAFSprite.cpp */,
				CFF5ED50188EA90000C75096 /* GAFSprite.h */,
				CFF5ED51188EA90000C75096 /* GAFSpriteWithAlpha.cpp */,
				CFF5ED52188EA90000C75096 /* GAFSpriteWithAlpha.h */,
				CFF5ED53188EA90000C75096 /* GAFStencilMaskSprite.cpp */,
				CFF5ED54188EA90000C75096 /* GAFStencilMaskSprite.h */,
				CFF5ED55188EA90000C75096 /* GAFStream.cpp */,
				CFF5ED56188EA90000C75096 /* GAFStream.h */,
				CFF5ED57188EA90000C75096 /* GAFSubobjectState.cpp */,
				CFF5ED58188EA90000C75096 /* GAFSubobjectState.h */,
				CFF5ED59188EA90000C75096 /* GAFTextureAtlas.cpp */,
				CFF5ED5A188EA90000C75096 /* GAFTextureAtlas.h */,
				CFF5ED5B188EA90000C75096 /* GAFTextureAtlasElement.cpp */,
				CFF5ED5C188EA90000C75096 /* GAFTextureAtlasElement.h */,
				CFF5ED5D188EA90000C75096 /* GAFTextureEffectsConverter.cpp */,
				CFF5ED5E188EA90000C75096 /* GAFTextureEffectsConverter.h */,
				CFF5ED5F188EA90000C75096 /* PrimitiveDeserializer.cpp */,
				CFF5ED60188EA90000C75096 /* PrimitiveDeserializer.h */,
				CFF5ED61188EA90000C75096 /* TagDefineAnimationFrames.cpp */,
				CFF5ED62188EA90000C75096 /* TagDefineAnimationFrames.h */,
				CFF5ED63188EA90000C75096 /* TagDefineAnimationMasks.cpp */,
				CFF5ED64188EA90000C75096 /* TagDefineAnimationMasks.h */,
				CFF5ED65188EA90000C75096 /* TagDefineAnimationObjects.cpp */,
				CFF5ED66188EA90000C75096 /* TagDefineAnimationObjects.h */,
				CFF5ED67188EA90000C75096 /* TagDefineAtlas.cpp */,
				CFF5ED68188EA90000C75096 /* TagDefineAtlas.h */,
				CFF5ED69188EA90000C75096 /* TagDefineNamedParts.cpp */,
				CFF5ED6A188EA90000C75096 /* TagDefineNamedParts.h */,
				CFF5ED6B188EA90000C75096 /* TagDefines.h */,
				CFF5ED6C188EA90000C75096 /* TagDefineSequences.cpp */,
				CFF5ED6D188EA90000C75096 /* TagDefineSequences.h */,
				CF59E968187DB3DB003A6524 /* ShadersPrecompiled */,
			);
			name = Library;
			sourceTree = "<group>";
		};
		CF59E968187DB3DB003A6524 /* ShadersPrecompiled */ = {
			isa = PBXGroup;
			children = (
				CF59E969187DB3DB003A6524 /* GAFPrecompiledShaders.h */,
				CF59E96A187DB3DB003A6524 /* GaussianBlur.h */,
				CF59E96B187DB3DB003A6524 /* kGAFScrollLayerAlphaFilterProgramCacheKey.h */,
				CF59E96C187DB3DB003A6524 /* kGAFSpriteWithAlphaShaderProgramCache.h */,
			);
			name = ShadersPrecompiled;
			path = ../../../Library/Sources/ShadersPrecompiled;
			sourceTree = "<group>";
		};
		CF59E97F187DB9A1003A6524 /* ios */ = {
			isa = PBXGroup;
			children = (
				CF59E984187DBA11003A6524 /* AppController.h */,
				CF59E985187DBA11003A6524 /* AppController.mm */,
				CF59E987187DBA49003A6524 /* RootViewController.h */,
				CF59E988187DBA49003A6524 /* RootViewController.mm */,
			);
			name = ios;
			sourceTree = "<group>";
		};
		CF59E996187DBCD8003A6524 /* Products */ = {
			isa = PBXGroup;
			children = (
				CF59E99A187DBCD8003A6524 /* libcocos2dx.a */,
			);
			name = Products;
			sourceTree = "<group>";
		};
		CF59E9A4187DC54F003A6524 /* Resources */ = {
			isa = PBXGroup;
			children = (
				CFF5ECC3188EA38600C75096 /* jester */,
				CFF5ECC4188EA38600C75096 /* skeleton */,
				CFF5ECC5188EA38600C75096 /* slime */,
				CFF5ECC6188EA38700C75096 /* ufo */,
				CF59E9DC187EC938003A6524 /* button_off_minus.png */,
				CF59E9DD187EC938003A6524 /* button_off_plus.png */,
				CF59E9DE187EC938003A6524 /* button_off.png */,
				CF59E9DF187EC938003A6524 /* button_on_minus.png */,
				CF59E9E0187EC938003A6524 /* button_on_plus.png */,
				CF59E9E1187EC938003A6524 /* button_on.png */,
				CF59E9D8187DC93A003A6524 /* Shaders */,
				CF59E9A5187DC54F003A6524 /* button_off.png */,
				CF59E9A6187DC54F003A6524 /* button_on.png */,
			);
			name = Resources;
			path = ../Resources;
			sourceTree = "<group>";
		};
/* End PBXGroup section */

/* Begin PBXNativeTarget section */
		CF59E906187DAB2D003A6524 /* Example */ = {
			isa = PBXNativeTarget;
			buildConfigurationList = CF59E933187DAB2D003A6524 /* Build configuration list for PBXNativeTarget "Example" */;
			buildPhases = (
				CF59E904187DAB2D003A6524 /* Frameworks */,
				CF59E905187DAB2D003A6524 /* Resources */,
				CFF5ECCB188EA75B00C75096 /* Sources */,
			);
			buildRules = (
			);
			dependencies = (
				CF59E9A2187DC496003A6524 /* PBXTargetDependency */,
			);
			name = Example;
			productName = Example;
			productReference = CF59E907187DAB2D003A6524 /* Example.app */;
			productType = "com.apple.product-type.application";
		};
		CF59E921187DAB2D003A6524 /* ExampleTests */ = {
			isa = PBXNativeTarget;
			buildConfigurationList = CF59E936187DAB2D003A6524 /* Build configuration list for PBXNativeTarget "ExampleTests" */;
			buildPhases = (
				CF59E91E187DAB2D003A6524 /* Sources */,
				CF59E91F187DAB2D003A6524 /* Frameworks */,
				CF59E920187DAB2D003A6524 /* Resources */,
			);
			buildRules = (
			);
			dependencies = (
				CF59E928187DAB2D003A6524 /* PBXTargetDependency */,
			);
			name = ExampleTests;
			productName = ExampleTests;
			productReference = CF59E922187DAB2D003A6524 /* ExampleTests.xctest */;
			productType = "com.apple.product-type.bundle.unit-test";
		};
/* End PBXNativeTarget section */

/* Begin PBXProject section */
		CF59E8FF187DAB2D003A6524 /* Project object */ = {
			isa = PBXProject;
			attributes = {
				LastUpgradeCheck = 0500;
				ORGANIZATIONNAME = CatalystApps;
				TargetAttributes = {
					CF59E921187DAB2D003A6524 = {
						TestTargetID = CF59E906187DAB2D003A6524;
					};
				};
			};
			buildConfigurationList = CF59E902187DAB2D003A6524 /* Build configuration list for PBXProject "Example" */;
			compatibilityVersion = "Xcode 3.2";
			developmentRegion = English;
			hasScannedForEncodings = 0;
			knownRegions = (
				en,
			);
			mainGroup = CF59E8FE187DAB2D003A6524;
			productRefGroup = CF59E908187DAB2D003A6524 /* Products */;
			projectDirPath = "";
			projectReferences = (
				{
					ProductGroup = CF59E996187DBCD8003A6524 /* Products */;
					ProjectRef = CF59E995187DBCD8003A6524 /* cocos2dx.xcodeproj */;
				},
			);
			projectRoot = "";
			targets = (
				CF59E906187DAB2D003A6524 /* Example */,
				CF59E921187DAB2D003A6524 /* ExampleTests */,
			);
		};
/* End PBXProject section */

/* Begin PBXReferenceProxy section */
		CF59E99A187DBCD8003A6524 /* libcocos2dx.a */ = {
			isa = PBXReferenceProxy;
			fileType = archive.ar;
			path = libcocos2dx.a;
			remoteRef = CF59E999187DBCD8003A6524 /* PBXContainerItemProxy */;
			sourceTree = BUILT_PRODUCTS_DIR;
		};
/* End PBXReferenceProxy section */

/* Begin PBXResourcesBuildPhase section */
		CF59E905187DAB2D003A6524 /* Resources */ = {
			isa = PBXResourcesBuildPhase;
			buildActionMask = 2147483647;
			files = (
				CF59E9E6187EC938003A6524 /* button_on_plus.png in Resources */,
				CFF5ECC8188EA38700C75096 /* skeleton in Resources */,
				CF59E9C2187DC54F003A6524 /* button_on.png in Resources */,
				CFF5ECCA188EA38700C75096 /* ufo in Resources */,
				CF59E9D9187DC93A003A6524 /* Shaders in Resources */,
				CFF5ECC7188EA38700C75096 /* jester in Resources */,
				CF59E9C1187DC54F003A6524 /* button_off.png in Resources */,
				CF59E9E7187EC938003A6524 /* button_on.png in Resources */,
				CF59E9E4187EC938003A6524 /* button_off.png in Resources */,
				CF59E915187DAB2D003A6524 /* InfoPlist.strings in Resources */,
				CF59E91D187DAB2D003A6524 /* Images.xcassets in Resources */,
				CF59E9E5187EC938003A6524 /* button_on_minus.png in Resources */,
				CF59E9E2187EC938003A6524 /* button_off_minus.png in Resources */,
				CF59E9E3187EC938003A6524 /* button_off_plus.png in Resources */,
				CFF5ECC9188EA38700C75096 /* slime in Resources */,
			);
			runOnlyForDeploymentPostprocessing = 0;
		};
		CF59E920187DAB2D003A6524 /* Resources */ = {
			isa = PBXResourcesBuildPhase;
			buildActionMask = 2147483647;
			files = (
				CF59E92E187DAB2D003A6524 /* InfoPlist.strings in Resources */,
			);
			runOnlyForDeploymentPostprocessing = 0;
		};
/* End PBXResourcesBuildPhase section */

/* Begin PBXSourcesBuildPhase section */
		CF59E91E187DAB2D003A6524 /* Sources */ = {
			isa = PBXSourcesBuildPhase;
			buildActionMask = 2147483647;
			files = (
				CF59E930187DAB2D003A6524 /* ExampleTests.m in Sources */,
			);
			runOnlyForDeploymentPostprocessing = 0;
		};
		CFF5ECCB188EA75B00C75096 /* Sources */ = {
			isa = PBXSourcesBuildPhase;
			buildActionMask = 2147483647;
			files = (
				CFF5ED7B188EA90000C75096 /* GAFSpriteWithAlpha.cpp in Sources */,
				CFF5ED32188EA7D800C75096 /* main.m in Sources */,
				CFF5ED7E188EA90000C75096 /* GAFSubobjectState.cpp in Sources */,
				CFF5ED77188EA90000C75096 /* GAFLoader.cpp in Sources */,
				CFF5ED87188EA90000C75096 /* TagDefineNamedParts.cpp in Sources */,
				CFF5ED82188EA90000C75096 /* PrimitiveDeserializer.cpp in Sources */,
				CFF5ED88188EA90000C75096 /* TagDefineSequences.cpp in Sources */,
				CFF5ED2E188EA78E00C75096 /* AppDelegate.cpp in Sources */,
				CFF5ED81188EA90000C75096 /* GAFTextureEffectsConverter.cpp in Sources */,
				CFF5ED7F188EA90000C75096 /* GAFTextureAtlas.cpp in Sources */,
				CFF5ED2F188EA78E00C75096 /* AppDelegate.h in Sources */,
				CFF5ED6E188EA90000C75096 /* GAFActionObject.cpp in Sources */,
				CFF5ED30188EA78E00C75096 /* GafFeatures.cpp in Sources */,
				CFF5ED31188EA78E00C75096 /* GafFeatures.h in Sources */,
				CFF5ED76188EA90000C75096 /* GAFInteractionObject.cpp in Sources */,
				CFF5ED6F188EA90000C75096 /* GAFAnimatedObject.cpp in Sources */,
				CFF5ED7D188EA90000C75096 /* GAFStream.cpp in Sources */,
				CFF5ED78188EA90000C75096 /* GAFPrecompiled.cpp in Sources */,
				CFF5ED71188EA90000C75096 /* GAFAnimationFrame.cpp in Sources */,
				CFF5ED70188EA90000C75096 /* GAFAnimation.cpp in Sources */,
				CFF5ED84188EA90000C75096 /* TagDefineAnimationMasks.cpp in Sources */,
				CFF5ED2A188EA77700C75096 /* AppController.h in Sources */,
				CFF5ED85188EA90000C75096 /* TagDefineAnimationObjects.cpp in Sources */,
				CFF5ED79188EA90000C75096 /* GAFShaderManager.cpp in Sources */,
				CFF5ED74188EA90000C75096 /* GAFFile.cpp in Sources */,
				CFF5ED86188EA90000C75096 /* TagDefineAtlas.cpp in Sources */,
				CFF5ED83188EA90000C75096 /* TagDefineAnimationFrames.cpp in Sources */,
				CFF5ED2B188EA77700C75096 /* AppController.mm in Sources */,
				CFF5ED2C188EA77700C75096 /* RootViewController.h in Sources */,
				CFF5ED80188EA90000C75096 /* GAFTextureAtlasElement.cpp in Sources */,
				CFF5ED7A188EA90000C75096 /* GAFSprite.cpp in Sources */,
				CFF5ED72188EA90000C75096 /* GAFAnimationSequence.cpp in Sources */,
				CFF5ED7C188EA90000C75096 /* GAFStencilMaskSprite.cpp in Sources */,
				CFF5ED73188EA90000C75096 /* GAFAsset.cpp in Sources */,
				CFF5ED2D188EA77700C75096 /* RootViewController.mm in Sources */,
				CFF5ED75188EA90000C75096 /* GAFFilterData.cpp in Sources */,
			);
			runOnlyForDeploymentPostprocessing = 0;
		};
/* End PBXSourcesBuildPhase section */

/* Begin PBXTargetDependency section */
		CF59E928187DAB2D003A6524 /* PBXTargetDependency */ = {
			isa = PBXTargetDependency;
			target = CF59E906187DAB2D003A6524 /* Example */;
			targetProxy = CF59E927187DAB2D003A6524 /* PBXContainerItemProxy */;
		};
		CF59E9A2187DC496003A6524 /* PBXTargetDependency */ = {
			isa = PBXTargetDependency;
			name = cocos2dx;
			targetProxy = CF59E9A1187DC496003A6524 /* PBXContainerItemProxy */;
		};
/* End PBXTargetDependency section */

/* Begin PBXVariantGroup section */
		CF59E913187DAB2D003A6524 /* InfoPlist.strings */ = {
			isa = PBXVariantGroup;
			children = (
				CF59E914187DAB2D003A6524 /* en */,
			);
			name = InfoPlist.strings;
			sourceTree = "<group>";
		};
		CF59E92C187DAB2D003A6524 /* InfoPlist.strings */ = {
			isa = PBXVariantGroup;
			children = (
				CF59E92D187DAB2D003A6524 /* en */,
			);
			name = InfoPlist.strings;
			sourceTree = "<group>";
		};
/* End PBXVariantGroup section */

/* Begin XCBuildConfiguration section */
		CF59E931187DAB2D003A6524 /* Debug */ = {
			isa = XCBuildConfiguration;
			buildSettings = {
				ALWAYS_SEARCH_USER_PATHS = NO;
				ARCHS = "$(ARCHS_STANDARD_INCLUDING_64_BIT)";
				CLANG_CXX_LANGUAGE_STANDARD = "gnu++0x";
				CLANG_CXX_LIBRARY = "libc++";
				CLANG_ENABLE_MODULES = YES;
				CLANG_ENABLE_OBJC_ARC = YES;
				CLANG_WARN_BOOL_CONVERSION = YES;
				CLANG_WARN_CONSTANT_CONVERSION = YES;
				CLANG_WARN_DIRECT_OBJC_ISA_USAGE = YES_ERROR;
				CLANG_WARN_EMPTY_BODY = YES;
				CLANG_WARN_ENUM_CONVERSION = YES;
				CLANG_WARN_INT_CONVERSION = YES;
				CLANG_WARN_OBJC_ROOT_CLASS = YES_ERROR;
				CLANG_WARN__DUPLICATE_METHOD_MATCH = YES;
				"CODE_SIGN_IDENTITY[sdk=iphoneos*]" = "iPhone Developer";
				COPY_PHASE_STRIP = NO;
				GCC_C_LANGUAGE_STANDARD = gnu99;
				GCC_DYNAMIC_NO_PIC = NO;
				GCC_OPTIMIZATION_LEVEL = 0;
				GCC_PREPROCESSOR_DEFINITIONS = (
					"DEBUG=1",
					"$(inherited)",
				);
				GCC_SYMBOLS_PRIVATE_EXTERN = NO;
				GCC_WARN_64_TO_32_BIT_CONVERSION = YES;
				GCC_WARN_ABOUT_RETURN_TYPE = YES_ERROR;
				GCC_WARN_UNDECLARED_SELECTOR = YES;
				GCC_WARN_UNINITIALIZED_AUTOS = YES;
				GCC_WARN_UNUSED_FUNCTION = YES;
				GCC_WARN_UNUSED_VARIABLE = YES;
				IPHONEOS_DEPLOYMENT_TARGET = 7.0;
				ONLY_ACTIVE_ARCH = YES;
				SDKROOT = iphoneos;
				TARGETED_DEVICE_FAMILY = "1,2";
			};
			name = Debug;
		};
		CF59E932187DAB2D003A6524 /* Release */ = {
			isa = XCBuildConfiguration;
			buildSettings = {
				ALWAYS_SEARCH_USER_PATHS = NO;
				ARCHS = "$(ARCHS_STANDARD_INCLUDING_64_BIT)";
				CLANG_CXX_LANGUAGE_STANDARD = "gnu++0x";
				CLANG_CXX_LIBRARY = "libc++";
				CLANG_ENABLE_MODULES = YES;
				CLANG_ENABLE_OBJC_ARC = YES;
				CLANG_WARN_BOOL_CONVERSION = YES;
				CLANG_WARN_CONSTANT_CONVERSION = YES;
				CLANG_WARN_DIRECT_OBJC_ISA_USAGE = YES_ERROR;
				CLANG_WARN_EMPTY_BODY = YES;
				CLANG_WARN_ENUM_CONVERSION = YES;
				CLANG_WARN_INT_CONVERSION = YES;
				CLANG_WARN_OBJC_ROOT_CLASS = YES_ERROR;
				CLANG_WARN__DUPLICATE_METHOD_MATCH = YES;
				"CODE_SIGN_IDENTITY[sdk=iphoneos*]" = "iPhone Developer";
				COPY_PHASE_STRIP = YES;
				ENABLE_NS_ASSERTIONS = NO;
				GCC_C_LANGUAGE_STANDARD = gnu99;
				GCC_WARN_64_TO_32_BIT_CONVERSION = YES;
				GCC_WARN_ABOUT_RETURN_TYPE = YES_ERROR;
				GCC_WARN_UNDECLARED_SELECTOR = YES;
				GCC_WARN_UNINITIALIZED_AUTOS = YES;
				GCC_WARN_UNUSED_FUNCTION = YES;
				GCC_WARN_UNUSED_VARIABLE = YES;
				IPHONEOS_DEPLOYMENT_TARGET = 7.0;
				SDKROOT = iphoneos;
				TARGETED_DEVICE_FAMILY = "1,2";
				VALIDATE_PRODUCT = YES;
			};
			name = Release;
		};
		CF59E934187DAB2D003A6524 /* Debug */ = {
			isa = XCBuildConfiguration;
			buildSettings = {
				ALWAYS_SEARCH_USER_PATHS = YES;
				ARCHS = "$(ARCHS_STANDARD)";
				ASSETCATALOG_COMPILER_APPICON_NAME = AppIcon;
				ASSETCATALOG_COMPILER_LAUNCHIMAGE_NAME = LaunchImage;
				CLANG_ENABLE_OBJC_ARC = NO;
				GCC_PRECOMPILE_PREFIX_HEADER = YES;
				GCC_PREFIX_HEADER = "Example/Example-Prefix.pch";
				GCC_PREPROCESSOR_DEFINITIONS = (
					"DEBUG=1",
					CC_TARGET_OS_IPHONE,
					"$(inherited)",
					USE_FILE32API,
					"COCOS2D_DEBUG=1",
				);
				HEADER_SEARCH_PATHS = (
					"$(inherited)",
					/Applications/Xcode.app/Contents/Developer/Toolchains/XcodeDefault.xctoolchain/usr/include,
					../Classes,
					../../Library,
					../../../../cocos2dx,
					../../../../cocos2dx/include,
					../../../../cocos2dx/platform/third_party/ios,
					../../../../cocos2dx/platform/ios,
					../../../../cocos2dx/kazmath/include,
					../../../../cocos2dx/extensions,
				);
				INFOPLIST_FILE = "Example/Example-Info.plist";
				PRODUCT_NAME = "$(TARGET_NAME)";
				WRAPPER_EXTENSION = app;
			};
			name = Debug;
		};
		CF59E935187DAB2D003A6524 /* Release */ = {
			isa = XCBuildConfiguration;
			buildSettings = {
				ALWAYS_SEARCH_USER_PATHS = YES;
				ARCHS = "$(ARCHS_STANDARD)";
				ASSETCATALOG_COMPILER_APPICON_NAME = AppIcon;
				ASSETCATALOG_COMPILER_LAUNCHIMAGE_NAME = LaunchImage;
				CLANG_ENABLE_OBJC_ARC = NO;
				GCC_PRECOMPILE_PREFIX_HEADER = YES;
				GCC_PREFIX_HEADER = "Example/Example-Prefix.pch";
				HEADER_SEARCH_PATHS = (
					"$(inherited)",
					/Applications/Xcode.app/Contents/Developer/Toolchains/XcodeDefault.xctoolchain/usr/include,
					../Classes,
					../../Library,
					../../../../cocos2dx,
					../../../../cocos2dx/include,
					../../../../cocos2dx/platform/third_party/ios,
					../../../../cocos2dx/platform/ios,
					../../../../cocos2dx/kazmath/include,
					../../../../cocos2dx/extensions,
				);
				INFOPLIST_FILE = "Example/Example-Info.plist";
				PRODUCT_NAME = "$(TARGET_NAME)";
				WRAPPER_EXTENSION = app;
			};
			name = Release;
		};
		CF59E937187DAB2D003A6524 /* Debug */ = {
			isa = XCBuildConfiguration;
			buildSettings = {
				ARCHS = "$(ARCHS_STANDARD_INCLUDING_64_BIT)";
				BUNDLE_LOADER = "$(BUILT_PRODUCTS_DIR)/Example.app/Example";
				FRAMEWORK_SEARCH_PATHS = (
					"$(SDKROOT)/Developer/Library/Frameworks",
					"$(inherited)",
					"$(DEVELOPER_FRAMEWORKS_DIR)",
				);
				GCC_PRECOMPILE_PREFIX_HEADER = YES;
				GCC_PREFIX_HEADER = "Example/Example-Prefix.pch";
				GCC_PREPROCESSOR_DEFINITIONS = (
					"DEBUG=1",
					"$(inherited)",
				);
				INFOPLIST_FILE = "ExampleTests/ExampleTests-Info.plist";
				PRODUCT_NAME = "$(TARGET_NAME)";
				TEST_HOST = "$(BUNDLE_LOADER)";
				WRAPPER_EXTENSION = xctest;
			};
			name = Debug;
		};
		CF59E938187DAB2D003A6524 /* Release */ = {
			isa = XCBuildConfiguration;
			buildSettings = {
				ARCHS = "$(ARCHS_STANDARD_INCLUDING_64_BIT)";
				BUNDLE_LOADER = "$(BUILT_PRODUCTS_DIR)/Example.app/Example";
				FRAMEWORK_SEARCH_PATHS = (
					"$(SDKROOT)/Developer/Library/Frameworks",
					"$(inherited)",
					"$(DEVELOPER_FRAMEWORKS_DIR)",
				);
				GCC_PRECOMPILE_PREFIX_HEADER = YES;
				GCC_PREFIX_HEADER = "Example/Example-Prefix.pch";
				INFOPLIST_FILE = "ExampleTests/ExampleTests-Info.plist";
				PRODUCT_NAME = "$(TARGET_NAME)";
				TEST_HOST = "$(BUNDLE_LOADER)";
				WRAPPER_EXTENSION = xctest;
			};
			name = Release;
		};
/* End XCBuildConfiguration section */

/* Begin XCConfigurationList section */
		CF59E902187DAB2D003A6524 /* Build configuration list for PBXProject "Example" */ = {
			isa = XCConfigurationList;
			buildConfigurations = (
				CF59E931187DAB2D003A6524 /* Debug */,
				CF59E932187DAB2D003A6524 /* Release */,
			);
			defaultConfigurationIsVisible = 0;
			defaultConfigurationName = Release;
		};
		CF59E933187DAB2D003A6524 /* Build configuration list for PBXNativeTarget "Example" */ = {
			isa = XCConfigurationList;
			buildConfigurations = (
				CF59E934187DAB2D003A6524 /* Debug */,
				CF59E935187DAB2D003A6524 /* Release */,
			);
			defaultConfigurationIsVisible = 0;
			defaultConfigurationName = Release;
		};
		CF59E936187DAB2D003A6524 /* Build configuration list for PBXNativeTarget "ExampleTests" */ = {
			isa = XCConfigurationList;
			buildConfigurations = (
				CF59E937187DAB2D003A6524 /* Debug */,
				CF59E938187DAB2D003A6524 /* Release */,
			);
			defaultConfigurationIsVisible = 0;
			defaultConfigurationName = Release;
		};
/* End XCConfigurationList section */
	};
	rootObject = CF59E8FF187DAB2D003A6524 /* Project object */;
}
