<?xml version="1.0" encoding="utf-8"?>
<Project ToolsVersion="4.0" xmlns="http://schemas.microsoft.com/developer/msbuild/2003">
  <ItemGroup>
    <ClCompile Include="src\Cocos2dRenderer.cpp">
      <Filter>src</Filter>
    </ClCompile>
    <ClCompile Include="src\Direct3DContentProvider.cpp">
      <Filter>src</Filter>
    </ClCompile>
    <ClCompile Include="src\Direct3DInterop.cpp">
      <Filter>src</Filter>
    </ClCompile>
    <ClCompile Include="src\DirectXBase.cpp">
      <Filter>src</Filter>
    </ClCompile>
    <ClCompile Include="src\EditBoxEvent.cpp">
      <Filter>src</Filter>
    </ClCompile>
    <ClCompile Include="..\..\Classes\AppDelegate.cpp">
      <Filter>Classes</Filter>
    </ClCompile>
    <ClCompile Include="src\pch.cpp">
      <Filter>src</Filter>
    </ClCompile>
    <ClCompile Include="..\..\Classes\BaseTest.cpp">
      <Filter>Classes</Filter>
    </ClCompile>
    <ClCompile Include="..\..\Classes\controller.cpp">
      <Filter>Classes</Filter>
    </ClCompile>
    <ClCompile Include="..\..\Classes\testBasic.cpp">
      <Filter>Classes</Filter>
    </ClCompile>
    <ClCompile Include="..\..\Classes\VisibleRect.cpp">
      <Filter>Classes</Filter>
    </ClCompile>
    <ClCompile Include="..\..\Classes\FiltersTest\FiltersTest.cpp">
      <Filter>Classes\FiltersTest</Filter>
    </ClCompile>
    <ClCompile Include="..\..\Classes\FlipTest\FlipTest.cpp">
      <Filter>Classes\FlipTest</Filter>
    </ClCompile>
    <ClCompile Include="..\..\Classes\FramePlaybackTest\FramePlaybackTest.cpp">
      <Filter>Classes\FramePlaybackTest</Filter>
    </ClCompile>
    <ClCompile Include="..\..\Classes\MaskTimelineTest\MaskTimelineTest.cpp">
      <Filter>Classes\MaskTimelineTest</Filter>
    </ClCompile>
    <ClCompile Include="..\..\Classes\UITest\UITest.cpp">
      <Filter>Classes\UITest</Filter>
    </ClCompile>
    <ClCompile Include="..\..\Classes\MultipleTimelineTest\MultipleTimelineTest.cpp">
      <Filter>Classes\MultipleTimelineTest</Filter>
    </ClCompile>
    <ClCompile Include="..\..\Classes\BundlesTest\BundlesTest.cpp">
      <Filter>Classes\BundlesTest</Filter>
    </ClCompile>
    <ClCompile Include="..\..\Classes\EventsTest\EventsTest.cpp">
      <Filter>Classes\EventsTest</Filter>
    </ClCompile>
  </ItemGroup>
  <ItemGroup>
    <ClInclude Include="src\Cocos2dRenderer.h">
      <Filter>src</Filter>
    </ClInclude>
    <ClInclude Include="src\Direct3DContentProvider.h">
      <Filter>src</Filter>
    </ClInclude>
    <ClInclude Include="src\Direct3DInterop.h">
      <Filter>src</Filter>
    </ClInclude>
    <ClInclude Include="src\DirectXBase.h">
      <Filter>src</Filter>
    </ClInclude>
    <ClInclude Include="src\DirectXHelper.h">
      <Filter>src</Filter>
    </ClInclude>
    <ClInclude Include="src\EditBoxEvent.h">
      <Filter>src</Filter>
    </ClInclude>
    <ClInclude Include="..\..\Classes\AppDelegate.h">
      <Filter>Classes</Filter>
    </ClInclude>
    <ClInclude Include="src\pch.h">
      <Filter>src</Filter>
    </ClInclude>
    <ClInclude Include="..\..\Classes\BaseTest.h">
      <Filter>Classes</Filter>
    </ClInclude>
    <ClInclude Include="..\..\Classes\controller.h">
      <Filter>Classes</Filter>
    </ClInclude>
    <ClInclude Include="..\..\Classes\testBasic.h">
      <Filter>Classes</Filter>
    </ClInclude>
    <ClInclude Include="..\..\Classes\testResource.h">
      <Filter>Classes</Filter>
    </ClInclude>
    <ClInclude Include="..\..\Classes\tests.h">
      <Filter>Classes</Filter>
    </ClInclude>
    <ClInclude Include="..\..\Classes\VisibleRect.h">
      <Filter>Classes</Filter>
    </ClInclude>
    <ClInclude Include="..\..\Classes\FiltersTest\FiltersTest.h">
      <Filter>Classes\FiltersTest</Filter>
    </ClInclude>
    <ClInclude Include="..\..\Classes\FlipTest\FlipTest.h">
      <Filter>Classes\FlipTest</Filter>
    </ClInclude>
    <ClInclude Include="..\..\Classes\FramePlaybackTest\FramePlaybackTest.h">
      <Filter>Classes\FramePlaybackTest</Filter>
    </ClInclude>
    <ClInclude Include="..\..\Classes\MaskTimelineTest\MaskTimelineTest.h">
      <Filter>Classes\MaskTimelineTest</Filter>
    </ClInclude>
    <ClInclude Include="..\..\Classes\UITest\UITest.h">
      <Filter>Classes\UITest</Filter>
    </ClInclude>
    <ClInclude Include="..\..\Classes\MultipleTimelineTest\MultipleTimelineTest.h">
      <Filter>Classes\MultipleTimelineTest</Filter>
    </ClInclude>
    <ClInclude Include="..\..\Classes\BundlesTest\BundlesTest.h">
      <Filter>Classes\BundlesTest</Filter>
    </ClInclude>
    <ClInclude Include="..\..\Classes\EventsTest\EventsTest.h">
      <Filter>Classes\EventsTest</Filter>
    </ClInclude>
  </ItemGroup>
  <ItemGroup>
    <Filter Include="Classes">
      <UniqueIdentifier>{ddb0f381-1dc4-44a0-ab28-0f672a551265}</UniqueIdentifier>
    </Filter>
    <Filter Include="src">
      <UniqueIdentifier>{6fcff44b-bb9f-4ed9-8553-558855bc91e3}</UniqueIdentifier>
    </Filter>
    <Filter Include="Classes\FiltersTest">
      <UniqueIdentifier>{e9fcf33a-5a50-45a0-a9f3-2a65e9616cac}</UniqueIdentifier>
    </Filter>
    <Filter Include="Classes\FlipTest">
      <UniqueIdentifier>{ee2455fd-06dd-4e8e-92e1-fb73da680f7f}</UniqueIdentifier>
    </Filter>
    <Filter Include="Classes\FramePlaybackTest">
      <UniqueIdentifier>{c808e8b0-7c88-4b9d-bb50-2c643bb7246e}</UniqueIdentifier>
    </Filter>
    <Filter Include="Classes\MaskTimelineTest">
      <UniqueIdentifier>{6086b7fa-e723-4e76-bbe7-084f2e8219dc}</UniqueIdentifier>
    </Filter>
    <Filter Include="Classes\BundlesTest">
      <UniqueIdentifier>{bd058d10-9459-4fb2-bfe3-79204b08856b}</UniqueIdentifier>
    </Filter>
    <Filter Include="Classes\MultipleTimelineTest">
      <UniqueIdentifier>{34600950-a9f2-4af3-b188-1f09fcaf4364}</UniqueIdentifier>
    </Filter>
    <Filter Include="Classes\UITest">
      <UniqueIdentifier>{6f796e27-dae5-46e0-94f4-bf9f78e40fbe}</UniqueIdentifier>
    </Filter>
    <Filter Include="Classes\EventsTest">
      <UniqueIdentifier>{3b333561-7e4c-48f7-b07b-625fdcf1377f}</UniqueIdentifier>
    </Filter>
  </ItemGroup>
  <ItemGroup>
    <None Include="$(AngleBinPath)libEGL_phone.dll" />
    <None Include="$(AngleBinPath)libGLESv2_phone.dll" />
    <None Include="$(WebsocketsBinPath)libwebsockets.dll" />
    <None Include="$(SQLiteBinPath)sqlite3.dll" />
    <None Include="$(CurlBinPath)libcurl.dll" />
    <None Include="$(CurlBinPath)libeay32.dll" />
    <None Include="$(CurlBinPath)ssleay32.dll" />
  </ItemGroup>
</Project>